
Microsoft Visual Studio Solution File, Format Version 12.00
# Visual Studio Version 16
VisualStudioVersion = 16.0.31702.278
MinimumVisualStudioVersion = 10.0.40219.1
Project("{FAE04EC0-301F-11D3-BF4B-00C04F79EFBC}") = "Stack", "Stack\Stack.csproj", "{4514AA1A-2C8B-474E-BE09-E98C0B5CC833}"
EndProject
Global
	GlobalSection(SolutionConfigurationPlatforms) = preSolution
		Debug|Any CPU = Debug|Any CPU
		Release|Any CPU = Release|Any CPU
	EndGlobalSection
	GlobalSection(ProjectConfigurationPlatforms) = postSolution
		{4514AA1A-2C8B-474E-BE09-E98C0B5CC833}.Debug|Any CPU.ActiveCfg = Debug|Any CPU
		{4514AA1A-2C8B-474E-BE09-E98C0B5CC833}.Debug|Any CPU.Build.0 = Debug|Any CPU
		{4514AA1A-2C8B-474E-BE09-E98C0B5CC833}.Release|Any CPU.ActiveCfg = Release|Any CPU
		{4514AA1A-2C8B-474E-BE09-E98C0B5CC833}.Release|Any CPU.Build.0 = Release|Any CPU
	EndGlobalSection
	GlobalSection(SolutionProperties) = preSolution
		HideSolutionNode = FALSE
	EndGlobalSection
	GlobalSection(ExtensibilityGlobals) = postSolution
		SolutionGuid = {FF762A9C-1CC1-45A7-B593-1C6C3276A933}
	EndGlobalSection
EndGlobal
